
Microsoft Visual Studio Solution File, Format Version 12.00
# Visual Studio Version 17
VisualStudioVersion = 17.11.35327.3
MinimumVisualStudioVersion = 10.0.40219.1
Project("{FAE04EC0-301F-11D3-BF4B-00C04F79EFBC}") = "practice3", "practice3\practice3.csproj", "{3DDA0E4B-8B64-40F8-92C5-F52853418190}"
EndProject
Global
	GlobalSection(SolutionConfigurationPlatforms) = preSolution
		Debug|Any CPU = Debug|Any CPU
		Release|Any CPU = Release|Any CPU
	EndGlobalSection
	GlobalSection(ProjectConfigurationPlatforms) = postSolution
		{3DDA0E4B-8B64-40F8-92C5-F52853418190}.Debug|Any CPU.ActiveCfg = Debug|Any CPU
		{3DDA0E4B-8B64-40F8-92C5-F52853418190}.Debug|Any CPU.Build.0 = Debug|Any CPU
		{3DDA0E4B-8B64-40F8-92C5-F52853418190}.Release|Any CPU.ActiveCfg = Release|Any CPU
		{3DDA0E4B-8B64-40F8-92C5-F52853418190}.Release|Any CPU.Build.0 = Release|Any CPU
	EndGlobalSection
	GlobalSection(SolutionProperties) = preSolution
		HideSolutionNode = FALSE
	EndGlobalSection
	GlobalSection(ExtensibilityGlobals) = postSolution
		SolutionGuid = {6D551715-CAE7-4BEB-A946-33142F9FBAB8}
	EndGlobalSection
EndGlobal
